
Microsoft Visual Studio Solution File, Format Version 12.00
# Visual Studio 15
VisualStudioVersion = 15.0.28010.2046
MinimumVisualStudioVersion = 10.0.40219.1
Project("{888888A0-9F3D-457C-B088-3A5042F75D52}") = "Animacja pro2", "Animacja pro2\Animacja pro2.pyproj", "{F314D839-B922-4987-A168-8C3CC12F640B}"
EndProject
Global
	GlobalSection(SolutionConfigurationPlatforms) = preSolution
		Debug|Any CPU = Debug|Any CPU
		Release|Any CPU = Release|Any CPU
	EndGlobalSection
	GlobalSection(ProjectConfigurationPlatforms) = postSolution
		{F314D839-B922-4987-A168-8C3CC12F640B}.Debug|Any CPU.ActiveCfg = Debug|Any CPU
		{F314D839-B922-4987-A168-8C3CC12F640B}.Release|Any CPU.ActiveCfg = Release|Any CPU
	EndGlobalSection
	GlobalSection(SolutionProperties) = preSolution
		HideSolutionNode = FALSE
	EndGlobalSection
	GlobalSection(ExtensibilityGlobals) = postSolution
		SolutionGuid = {FA84FCD7-B5FE-47C3-86B4-BD500F83C86D}
	EndGlobalSection
EndGlobal
