
Microsoft Visual Studio Solution File, Format Version 12.00
# Visual Studio 15
VisualStudioVersion = 15.0.28010.2046
MinimumVisualStudioVersion = 10.0.40219.1
Project("{888888A0-9F3D-457C-B088-3A5042F75D52}") = "Animacja", "Animacja\Animacja.pyproj", "{07CAD678-D81B-4C7A-A38F-DD3581893EB8}"
EndProject
Global
	GlobalSection(SolutionConfigurationPlatforms) = preSolution
		Debug|Any CPU = Debug|Any CPU
		Release|Any CPU = Release|Any CPU
	EndGlobalSection
	GlobalSection(ProjectConfigurationPlatforms) = postSolution
		{07CAD678-D81B-4C7A-A38F-DD3581893EB8}.Debug|Any CPU.ActiveCfg = Debug|Any CPU
		{07CAD678-D81B-4C7A-A38F-DD3581893EB8}.Release|Any CPU.ActiveCfg = Release|Any CPU
	EndGlobalSection
	GlobalSection(SolutionProperties) = preSolution
		HideSolutionNode = FALSE
	EndGlobalSection
	GlobalSection(ExtensibilityGlobals) = postSolution
		SolutionGuid = {ADB7FA46-66BE-4090-BB58-ADE23859F53C}
	EndGlobalSection
EndGlobal
